
Microsoft Visual Studio Solution File, Format Version 12.00
# Visual Studio Version 16
VisualStudioVersion = 16.0.31105.61
MinimumVisualStudioVersion = 10.0.40219.1
Project("{2150E333-8FDC-42A3-9474-1A3956D46DE8}") = "src", "src", "{EE357A14-BD07-4AB9-963D-CB15531B79F9}"
EndProject
Project("{9A19103F-16F7-4668-BE54-9A1E7A4F7556}") = "api", "..\api\api.csproj", "{78ADAFF2-E148-4F99-A843-66B587A3229A}"
EndProject
Project("{9A19103F-16F7-4668-BE54-9A1E7A4F7556}") = "DLL", "..\DLL\DLL.csproj", "{6E62AFE8-7EB9-4E9F-BC69-F0C8847B6268}"
EndProject
Project("{9A19103F-16F7-4668-BE54-9A1E7A4F7556}") = "BLL", "BLL\BLL.csproj", "{99FF962A-03C2-4636-A347-E841FDCA6701}"
EndProject
Project("{FAE04EC0-301F-11D3-BF4B-00C04F79EFBC}") = "Util", "Util\Util.csproj", "{39D29E20-694E-4EA5-BD2B-88AF9C6EB3B5}"
EndProject
Global
	GlobalSection(SolutionConfigurationPlatforms) = preSolution
		Debug|Any CPU = Debug|Any CPU
		Release|Any CPU = Release|Any CPU
	EndGlobalSection
	GlobalSection(ProjectConfigurationPlatforms) = postSolution
		{78ADAFF2-E148-4F99-A843-66B587A3229A}.Debug|Any CPU.ActiveCfg = Debug|Any CPU
		{78ADAFF2-E148-4F99-A843-66B587A3229A}.Debug|Any CPU.Build.0 = Debug|Any CPU
		{78ADAFF2-E148-4F99-A843-66B587A3229A}.Release|Any CPU.ActiveCfg = Release|Any CPU
		{78ADAFF2-E148-4F99-A843-66B587A3229A}.Release|Any CPU.Build.0 = Release|Any CPU
		{6E62AFE8-7EB9-4E9F-BC69-F0C8847B6268}.Debug|Any CPU.ActiveCfg = Debug|Any CPU
		{6E62AFE8-7EB9-4E9F-BC69-F0C8847B6268}.Debug|Any CPU.Build.0 = Debug|Any CPU
		{6E62AFE8-7EB9-4E9F-BC69-F0C8847B6268}.Release|Any CPU.ActiveCfg = Release|Any CPU
		{6E62AFE8-7EB9-4E9F-BC69-F0C8847B6268}.Release|Any CPU.Build.0 = Release|Any CPU
		{99FF962A-03C2-4636-A347-E841FDCA6701}.Debug|Any CPU.ActiveCfg = Debug|Any CPU
		{99FF962A-03C2-4636-A347-E841FDCA6701}.Debug|Any CPU.Build.0 = Debug|Any CPU
		{99FF962A-03C2-4636-A347-E841FDCA6701}.Release|Any CPU.ActiveCfg = Release|Any CPU
		{99FF962A-03C2-4636-A347-E841FDCA6701}.Release|Any CPU.Build.0 = Release|Any CPU
		{39D29E20-694E-4EA5-BD2B-88AF9C6EB3B5}.Debug|Any CPU.ActiveCfg = Debug|Any CPU
		{39D29E20-694E-4EA5-BD2B-88AF9C6EB3B5}.Debug|Any CPU.Build.0 = Debug|Any CPU
		{39D29E20-694E-4EA5-BD2B-88AF9C6EB3B5}.Release|Any CPU.ActiveCfg = Release|Any CPU
		{39D29E20-694E-4EA5-BD2B-88AF9C6EB3B5}.Release|Any CPU.Build.0 = Release|Any CPU
	EndGlobalSection
	GlobalSection(SolutionProperties) = preSolution
		HideSolutionNode = FALSE
	EndGlobalSection
	GlobalSection(NestedProjects) = preSolution
		{78ADAFF2-E148-4F99-A843-66B587A3229A} = {EE357A14-BD07-4AB9-963D-CB15531B79F9}
		{6E62AFE8-7EB9-4E9F-BC69-F0C8847B6268} = {EE357A14-BD07-4AB9-963D-CB15531B79F9}
		{99FF962A-03C2-4636-A347-E841FDCA6701} = {EE357A14-BD07-4AB9-963D-CB15531B79F9}
		{39D29E20-694E-4EA5-BD2B-88AF9C6EB3B5} = {EE357A14-BD07-4AB9-963D-CB15531B79F9}
	EndGlobalSection
	GlobalSection(ExtensibilityGlobals) = postSolution
		SolutionGuid = {82766793-419C-4ABE-B0F3-E7CA7A075332}
	EndGlobalSection
EndGlobal
